// !$*UTF8*$!
{
	archiveVersion = 1;
	classes = {
	};
	objectVersion = 56;
	objects = {

/* Begin PBXBuildFile section */
		5841F0E42A8CEC510068623C /* WeatherAppApp.swift in Sources */ = {isa = PBXBuildFile; fileRef = 5841F0E32A8CEC510068623C /* WeatherAppApp.swift */; };
		5841F0E62A8CEC510068623C /* ContentView.swift in Sources */ = {isa = PBXBuildFile; fileRef = 5841F0E52A8CEC510068623C /* ContentView.swift */; };
		5841F0E82A8CEC520068623C /* Assets.xcassets in Resources */ = {isa = PBXBuildFile; fileRef = 5841F0E72A8CEC520068623C /* Assets.xcassets */; };
		5841F0EB2A8CEC520068623C /* Preview Assets.xcassets in Resources */ = {isa = PBXBuildFile; fileRef = 5841F0EA2A8CEC520068623C /* Preview Assets.xcassets */; };
		5841F0F32A8CF7A60068623C /* LocationViewModle.swift in Sources */ = {isa = PBXBuildFile; fileRef = 5841F0F22A8CF7A60068623C /* LocationViewModle.swift */; };
		5841F0F62A8CF93D0068623C /* WelcomeView.swift in Sources */ = {isa = PBXBuildFile; fileRef = 5841F0F52A8CF93D0068623C /* WelcomeView.swift */; };
		5841F0FA2A8D0D2C0068623C /* WeatherViewModle.swift in Sources */ = {isa = PBXBuildFile; fileRef = 5841F0F92A8D0D2C0068623C /* WeatherViewModle.swift */; };
		584DF7BB2A9138EF000396E2 /* LanchView.swift in Sources */ = {isa = PBXBuildFile; fileRef = 584DF7BA2A9138EF000396E2 /* LanchView.swift */; };
		58A244E32A8F980D00239D4E /* SearchCityName.swift in Sources */ = {isa = PBXBuildFile; fileRef = 58A244E22A8F980D00239D4E /* SearchCityName.swift */; };
		58F977752A8E57A600400E63 /* WeatherView.swift in Sources */ = {isa = PBXBuildFile; fileRef = 58F977742A8E57A600400E63 /* WeatherView.swift */; };
		58F9777C2A8E5BFB00400E63 /* Extensions.swift in Sources */ = {isa = PBXBuildFile; fileRef = 58F9777B2A8E5BFB00400E63 /* Extensions.swift */; };
		58F977812A8E9FE100400E63 /* RectangleView.swift in Sources */ = {isa = PBXBuildFile; fileRef = 58F977802A8E9FE100400E63 /* RectangleView.swift */; };
/* End PBXBuildFile section */

/* Begin PBXFileReference section */
		5841F0E02A8CEC510068623C /* WeatherApp.app */ = {isa = PBXFileReference; explicitFileType = wrapper.application; includeInIndex = 0; path = WeatherApp.app; sourceTree = BUILT_PRODUCTS_DIR; };
		5841F0E32A8CEC510068623C /* WeatherAppApp.swift */ = {isa = PBXFileReference; lastKnownFileType = sourcecode.swift; path = WeatherAppApp.swift; sourceTree = "<group>"; };
		5841F0E52A8CEC510068623C /* ContentView.swift */ = {isa = PBXFileReference; lastKnownFileType = sourcecode.swift; path = ContentView.swift; sourceTree = "<group>"; };
		5841F0E72A8CEC520068623C /* Assets.xcassets */ = {isa = PBXFileReference; lastKnownFileType = folder.assetcatalog; path = Assets.xcassets; sourceTree = "<group>"; };
		5841F0EA2A8CEC520068623C /* Preview Assets.xcassets */ = {isa = PBXFileReference; lastKnownFileType = folder.assetcatalog; path = "Preview Assets.xcassets"; sourceTree = "<group>"; };
		5841F0F22A8CF7A60068623C /* LocationViewModle.swift */ = {isa = PBXFileReference; lastKnownFileType = sourcecode.swift; path = LocationViewModle.swift; sourceTree = "<group>"; };
		5841F0F52A8CF93D0068623C /* WelcomeView.swift */ = {isa = PBXFileReference; lastKnownFileType = sourcecode.swift; path = WelcomeView.swift; sourceTree = "<group>"; };
		5841F0F92A8D0D2C0068623C /* WeatherViewModle.swift */ = {isa = PBXFileReference; lastKnownFileType = sourcecode.swift; path = WeatherViewModle.swift; sourceTree = "<group>"; };
		584DF7BA2A9138EF000396E2 /* LanchView.swift */ = {isa = PBXFileReference; lastKnownFileType = sourcecode.swift; path = LanchView.swift; sourceTree = "<group>"; };
		58A244E22A8F980D00239D4E /* SearchCityName.swift */ = {isa = PBXFileReference; lastKnownFileType = sourcecode.swift; path = SearchCityName.swift; sourceTree = "<group>"; };
		58F977742A8E57A600400E63 /* WeatherView.swift */ = {isa = PBXFileReference; lastKnownFileType = sourcecode.swift; path = WeatherView.swift; sourceTree = "<group>"; };
		58F9777B2A8E5BFB00400E63 /* Extensions.swift */ = {isa = PBXFileReference; lastKnownFileType = sourcecode.swift; path = Extensions.swift; sourceTree = "<group>"; };
		58F977802A8E9FE100400E63 /* RectangleView.swift */ = {isa = PBXFileReference; lastKnownFileType = sourcecode.swift; path = RectangleView.swift; sourceTree = "<group>"; };
/* End PBXFileReference section */

/* Begin PBXFrameworksBuildPhase section */
		5841F0DD2A8CEC510068623C /* Frameworks */ = {
			isa = PBXFrameworksBuildPhase;
			buildActionMask = 2147483647;
			files = (
			);
			runOnlyForDeploymentPostprocessing = 0;
		};
/* End PBXFrameworksBuildPhase section */

/* Begin PBXGroup section */
		5841F0D72A8CEC500068623C = {
			isa = PBXGroup;
			children = (
				5841F0E22A8CEC510068623C /* WeatherApp */,
				5841F0E12A8CEC510068623C /* Products */,
			);
			sourceTree = "<group>";
		};
		5841F0E12A8CEC510068623C /* Products */ = {
			isa = PBXGroup;
			children = (
				5841F0E02A8CEC510068623C /* WeatherApp.app */,
			);
			name = Products;
			sourceTree = "<group>";
		};
		5841F0E22A8CEC510068623C /* WeatherApp */ = {
			isa = PBXGroup;
			children = (
				5841F0F42A8CF8D10068623C /* Views */,
				5841F0F12A8CF7670068623C /* ViewModel */,
				5841F0E32A8CEC510068623C /* WeatherAppApp.swift */,
				5841F0E72A8CEC520068623C /* Assets.xcassets */,
				5841F0E92A8CEC520068623C /* Preview Content */,
				58F9777B2A8E5BFB00400E63 /* Extensions.swift */,
			);
			path = WeatherApp;
			sourceTree = "<group>";
		};
		5841F0E92A8CEC520068623C /* Preview Content */ = {
			isa = PBXGroup;
			children = (
				5841F0EA2A8CEC520068623C /* Preview Assets.xcassets */,
			);
			path = "Preview Content";
			sourceTree = "<group>";
		};
		5841F0F12A8CF7670068623C /* ViewModel */ = {
			isa = PBXGroup;
			children = (
				5841F0F22A8CF7A60068623C /* LocationViewModle.swift */,
				5841F0F92A8D0D2C0068623C /* WeatherViewModle.swift */,
			);
			path = ViewModel;
			sourceTree = "<group>";
		};
		5841F0F42A8CF8D10068623C /* Views */ = {
			isa = PBXGroup;
			children = (
				5841F0E52A8CEC510068623C /* ContentView.swift */,
				5841F0F52A8CF93D0068623C /* WelcomeView.swift */,
				58F977742A8E57A600400E63 /* WeatherView.swift */,
				58F977802A8E9FE100400E63 /* RectangleView.swift */,
				58A244E22A8F980D00239D4E /* SearchCityName.swift */,
				584DF7BA2A9138EF000396E2 /* LanchView.swift */,
			);
			path = Views;
			sourceTree = "<group>";
		};
/* End PBXGroup section */

/* Begin PBXNativeTarget section */
		5841F0DF2A8CEC510068623C /* WeatherApp */ = {
			isa = PBXNativeTarget;
			buildConfigurationList = 5841F0EE2A8CEC520068623C /* Build configuration list for PBXNativeTarget "WeatherApp" */;
			buildPhases = (
				5841F0DC2A8CEC510068623C /* Sources */,
				5841F0DD2A8CEC510068623C /* Frameworks */,
				5841F0DE2A8CEC510068623C /* Resources */,
			);
			buildRules = (
			);
			dependencies = (
			);
			name = WeatherApp;
			productName = WeatherApp;
			productReference = 5841F0E02A8CEC510068623C /* WeatherApp.app */;
			productType = "com.apple.product-type.application";
		};
/* End PBXNativeTarget section */

/* Begin PBXProject section */
		5841F0D82A8CEC510068623C /* Project object */ = {
			isa = PBXProject;
			attributes = {
				BuildIndependentTargetsInParallel = 1;
				LastSwiftUpdateCheck = 1430;
				LastUpgradeCheck = 1430;
				TargetAttributes = {
					5841F0DF2A8CEC510068623C = {
						CreatedOnToolsVersion = 14.3.1;
					};
				};
			};
			buildConfigurationList = 5841F0DB2A8CEC510068623C /* Build configuration list for PBXProject "WeatherApp" */;
			compatibilityVersion = "Xcode 14.0";
			developmentRegion = en;
			hasScannedForEncodings = 0;
			knownRegions = (
				en,
				Base,
			);
			mainGroup = 5841F0D72A8CEC500068623C;
			productRefGroup = 5841F0E12A8CEC510068623C /* Products */;
			projectDirPath = "";
			projectRoot = "";
			targets = (
				5841F0DF2A8CEC510068623C /* WeatherApp */,
			);
		};
/* End PBXProject section */

/* Begin PBXResourcesBuildPhase section */
		5841F0DE2A8CEC510068623C /* Resources */ = {
			isa = PBXResourcesBuildPhase;
			buildActionMask = 2147483647;
			files = (
				5841F0EB2A8CEC520068623C /* Preview Assets.xcassets in Resources */,
				5841F0E82A8CEC520068623C /* Assets.xcassets in Resources */,
			);
			runOnlyForDeploymentPostprocessing = 0;
		};
/* End PBXResourcesBuildPhase section */

/* Begin PBXSourcesBuildPhase section */
		5841F0DC2A8CEC510068623C /* Sources */ = {
			isa = PBXSourcesBuildPhase;
			buildActionMask = 2147483647;
			files = (
				5841F0FA2A8D0D2C0068623C /* WeatherViewModle.swift in Sources */,
				584DF7BB2A9138EF000396E2 /* LanchView.swift in Sources */,
				58F9777C2A8E5BFB00400E63 /* Extensions.swift in Sources */,
				5841F0E62A8CEC510068623C /* ContentView.swift in Sources */,
				58A244E32A8F980D00239D4E /* SearchCityName.swift in Sources */,
				5841F0E42A8CEC510068623C /* WeatherAppApp.swift in Sources */,
				58F977812A8E9FE100400E63 /* RectangleView.swift in Sources */,
				5841F0F32A8CF7A60068623C /* LocationViewModle.swift in Sources */,
				58F977752A8E57A600400E63 /* WeatherView.swift in Sources */,
				5841F0F62A8CF93D0068623C /* WelcomeView.swift in Sources */,
			);
			runOnlyForDeploymentPostprocessing = 0;
		};
/* End PBXSourcesBuildPhase section */

/* Begin XCBuildConfiguration section */
		5841F0EC2A8CEC520068623C /* Debug */ = {
			isa = XCBuildConfiguration;
			buildSettings = {
				ALWAYS_SEARCH_USER_PATHS = NO;
				CLANG_ANALYZER_NONNULL = YES;
				CLANG_ANALYZER_NUMBER_OBJECT_CONVERSION = YES_AGGRESSIVE;
				CLANG_CXX_LANGUAGE_STANDARD = "gnu++20";
				CLANG_ENABLE_MODULES = YES;
				CLANG_ENABLE_OBJC_ARC = YES;
				CLANG_ENABLE_OBJC_WEAK = YES;
				CLANG_WARN_BLOCK_CAPTURE_AUTORELEASING = YES;
				CLANG_WARN_BOOL_CONVERSION = YES;
				CLANG_WARN_COMMA = YES;
				CLANG_WARN_CONSTANT_CONVERSION = YES;
				CLANG_WARN_DEPRECATED_OBJC_IMPLEMENTATIONS = YES;
				CLANG_WARN_DIRECT_OBJC_ISA_USAGE = YES_ERROR;
				CLANG_WARN_DOCUMENTATION_COMMENTS = YES;
				CLANG_WARN_EMPTY_BODY = YES;
				CLANG_WARN_ENUM_CONVERSION = YES;
				CLANG_WARN_INFINITE_RECURSION = YES;
				CLANG_WARN_INT_CONVERSION = YES;
				CLANG_WARN_NON_LITERAL_NULL_CONVERSION = YES;
				CLANG_WARN_OBJC_IMPLICIT_RETAIN_SELF = YES;
				CLANG_WARN_OBJC_LITERAL_CONVERSION = YES;
				CLANG_WARN_OBJC_ROOT_CLASS = YES_ERROR;
				CLANG_WARN_QUOTED_INCLUDE_IN_FRAMEWORK_HEADER = YES;
				CLANG_WARN_RANGE_LOOP_ANALYSIS = YES;
				CLANG_WARN_STRICT_PROTOTYPES = YES;
				CLANG_WARN_SUSPICIOUS_MOVE = YES;
				CLANG_WARN_UNGUARDED_AVAILABILITY = YES_AGGRESSIVE;
				CLANG_WARN_UNREACHABLE_CODE = YES;
				CLANG_WARN__DUPLICATE_METHOD_MATCH = YES;
				COPY_PHASE_STRIP = NO;
				DEBUG_INFORMATION_FORMAT = dwarf;
				ENABLE_STRICT_OBJC_MSGSEND = YES;
				ENABLE_TESTABILITY = YES;
				GCC_C_LANGUAGE_STANDARD = gnu11;
				GCC_DYNAMIC_NO_PIC = NO;
				GCC_NO_COMMON_BLOCKS = YES;
				GCC_OPTIMIZATION_LEVEL = 0;
				GCC_PREPROCESSOR_DEFINITIONS = (
					"DEBUG=1",
					"$(inherited)",
				);
				GCC_WARN_64_TO_32_BIT_CONVERSION = YES;
				GCC_WARN_ABOUT_RETURN_TYPE = YES_ERROR;
				GCC_WARN_UNDECLARED_SELECTOR = YES;
				GCC_WARN_UNINITIALIZED_AUTOS = YES_AGGRESSIVE;
				GCC_WARN_UNUSED_FUNCTION = YES;
				GCC_WARN_UNUSED_VARIABLE = YES;
				IPHONEOS_DEPLOYMENT_TARGET = 16.4;
				MTL_ENABLE_DEBUG_INFO = INCLUDE_SOURCE;
				MTL_FAST_MATH = YES;
				ONLY_ACTIVE_ARCH = YES;
				SDKROOT = iphoneos;
				SWIFT_ACTIVE_COMPILATION_CONDITIONS = DEBUG;
				SWIFT_OPTIMIZATION_LEVEL = "-Onone";
			};
			name = Debug;
		};
		5841F0ED2A8CEC520068623C /* Release */ = {
			isa = XCBuildConfiguration;
			buildSettings = {
				ALWAYS_SEARCH_USER_PATHS = NO;
				CLANG_ANALYZER_NONNULL = YES;
				CLANG_ANALYZER_NUMBER_OBJECT_CONVERSION = YES_AGGRESSIVE;
				CLANG_CXX_LANGUAGE_STANDARD = "gnu++20";
				CLANG_ENABLE_MODULES = YES;
				CLANG_ENABLE_OBJC_ARC = YES;
				CLANG_ENABLE_OBJC_WEAK = YES;
				CLANG_WARN_BLOCK_CAPTURE_AUTORELEASING = YES;
				CLANG_WARN_BOOL_CONVERSION = YES;
				CLANG_WARN_COMMA = YES;
				CLANG_WARN_CONSTANT_CONVERSION = YES;
				CLANG_WARN_DEPRECATED_OBJC_IMPLEMENTATIONS = YES;
				CLANG_WARN_DIRECT_OBJC_ISA_USAGE = YES_ERROR;
				CLANG_WARN_DOCUMENTATION_COMMENTS = YES;
				CLANG_WARN_EMPTY_BODY = YES;
				CLANG_WARN_ENUM_CONVERSION = YES;
				CLANG_WARN_INFINITE_RECURSION = YES;
				CLANG_WARN_INT_CONVERSION = YES;
				CLANG_WARN_NON_LITERAL_NULL_CONVERSION = YES;
				CLANG_WARN_OBJC_IMPLICIT_RETAIN_SELF = YES;
				CLANG_WARN_OBJC_LITERAL_CONVERSION = YES;
				CLANG_WARN_OBJC_ROOT_CLASS = YES_ERROR;
				CLANG_WARN_QUOTED_INCLUDE_IN_FRAMEWORK_HEADER = YES;
				CLANG_WARN_RANGE_LOOP_ANALYSIS = YES;
				CLANG_WARN_STRICT_PROTOTYPES = YES;
				CLANG_WARN_SUSPICIOUS_MOVE = YES;
				CLANG_WARN_UNGUARDED_AVAILABILITY = YES_AGGRESSIVE;
				CLANG_WARN_UNREACHABLE_CODE = YES;
				CLANG_WARN__DUPLICATE_METHOD_MATCH = YES;
				COPY_PHASE_STRIP = NO;
				DEBUG_INFORMATION_FORMAT = "dwarf-with-dsym";
				ENABLE_NS_ASSERTIONS = NO;
				ENABLE_STRICT_OBJC_MSGSEND = YES;
				GCC_C_LANGUAGE_STANDARD = gnu11;
				GCC_NO_COMMON_BLOCKS = YES;
				GCC_WARN_64_TO_32_BIT_CONVERSION = YES;
				GCC_WARN_ABOUT_RETURN_TYPE = YES_ERROR;
				GCC_WARN_UNDECLARED_SELECTOR = YES;
				GCC_WARN_UNINITIALIZED_AUTOS = YES_AGGRESSIVE;
				GCC_WARN_UNUSED_FUNCTION = YES;
				GCC_WARN_UNUSED_VARIABLE = YES;
				IPHONEOS_DEPLOYMENT_TARGET = 16.4;
				MTL_ENABLE_DEBUG_INFO = NO;
				MTL_FAST_MATH = YES;
				SDKROOT = iphoneos;
				SWIFT_COMPILATION_MODE = wholemodule;
				SWIFT_OPTIMIZATION_LEVEL = "-O";
				VALIDATE_PRODUCT = YES;
			};
			name = Release;
		};
		5841F0EF2A8CEC520068623C /* Debug */ = {
			isa = XCBuildConfiguration;
			buildSettings = {
				ASSETCATALOG_COMPILER_APPICON_NAME = AppIcon;
				ASSETCATALOG_COMPILER_GLOBAL_ACCENT_COLOR_NAME = AccentColor;
				CODE_SIGN_STYLE = Automatic;
				CURRENT_PROJECT_VERSION = 1;
				DEVELOPMENT_ASSET_PATHS = "\"WeatherApp/Preview Content\"";
				DEVELOPMENT_TEAM = 4X3KY7DM94;
				ENABLE_PREVIEWS = YES;
				GENERATE_INFOPLIST_FILE = YES;
				INFOPLIST_KEY_UIApplicationSceneManifest_Generation = YES;
				INFOPLIST_KEY_UIApplicationSupportsIndirectInputEvents = YES;
				INFOPLIST_KEY_UILaunchScreen_Generation = YES;
				INFOPLIST_KEY_UISupportedInterfaceOrientations_iPad = "UIInterfaceOrientationPortrait UIInterfaceOrientationPortraitUpsideDown UIInterfaceOrientationLandscapeLeft UIInterfaceOrientationLandscapeRight";
				INFOPLIST_KEY_UISupportedInterfaceOrientations_iPhone = "UIInterfaceOrientationPortrait UIInterfaceOrientationLandscapeLeft UIInterfaceOrientationLandscapeRight";
				LD_RUNPATH_SEARCH_PATHS = (
					"$(inherited)",
					"@executable_path/Frameworks",
				);
				MARKETING_VERSION = 1.0;
				PRODUCT_BUNDLE_IDENTIFIER = diyaWeatherApp;
				PRODUCT_NAME = "$(TARGET_NAME)";
				SWIFT_EMIT_LOC_STRINGS = YES;
				SWIFT_VERSION = 5.0;
				TARGETED_DEVICE_FAMILY = "1,2";
			};
			name = Debug;
		};
		5841F0F02A8CEC520068623C /* Release */ = {
			isa = XCBuildConfiguration;
			buildSettings = {
				ASSETCATALOG_COMPILER_APPICON_NAME = AppIcon;
				ASSETCATALOG_COMPILER_GLOBAL_ACCENT_COLOR_NAME = AccentColor;
				CODE_SIGN_STYLE = Automatic;
				CURRENT_PROJECT_VERSION = 1;
				DEVELOPMENT_ASSET_PATHS = "\"WeatherApp/Preview Content\"";
				DEVELOPMENT_TEAM = 4X3KY7DM94;
				ENABLE_PREVIEWS = YES;
				GENERATE_INFOPLIST_FILE = YES;
				INFOPLIST_KEY_UIApplicationSceneManifest_Generation = YES;
				INFOPLIST_KEY_UIApplicationSupportsIndirectInputEvents = YES;
				INFOPLIST_KEY_UILaunchScreen_Generation = YES;
				INFOPLIST_KEY_UISupportedInterfaceOrientations_iPad = "UIInterfaceOrientationPortrait UIInterfaceOrientationPortraitUpsideDown UIInterfaceOrientationLandscapeLeft UIInterfaceOrientationLandscapeRight";
				INFOPLIST_KEY_UISupportedInterfaceOrientations_iPhone = "UIInterfaceOrientationPortrait UIInterfaceOrientationLandscapeLeft UIInterfaceOrientationLandscapeRight";
				LD_RUNPATH_SEARCH_PATHS = (
					"$(inherited)",
					"@executable_path/Frameworks",
				);
				MARKETING_VERSION = 1.0;
				PRODUCT_BUNDLE_IDENTIFIER = diyaWeatherApp;
				PRODUCT_NAME = "$(TARGET_NAME)";
				SWIFT_EMIT_LOC_STRINGS = YES;
				SWIFT_VERSION = 5.0;
				TARGETED_DEVICE_FAMILY = "1,2";
			};
			name = Release;
		};
/* End XCBuildConfiguration section */

/* Begin XCConfigurationList section */
		5841F0DB2A8CEC510068623C /* Build configuration list for PBXProject "WeatherApp" */ = {
			isa = XCConfigurationList;
			buildConfigurations = (
				5841F0EC2A8CEC520068623C /* Debug */,
				5841F0ED2A8CEC520068623C /* Release */,
			);
			defaultConfigurationIsVisible = 0;
			defaultConfigurationName = Release;
		};
		5841F0EE2A8CEC520068623C /* Build configuration list for PBXNativeTarget "WeatherApp" */ = {
			isa = XCConfigurationList;
			buildConfigurations = (
				5841F0EF2A8CEC520068623C /* Debug */,
				5841F0F02A8CEC520068623C /* Release */,
			);
			defaultConfigurationIsVisible = 0;
			defaultConfigurationName = Release;
		};
/* End XCConfigurationList section */
	};
	rootObject = 5841F0D82A8CEC510068623C /* Project object */;
}
